// !$*UTF8*$!
{
	archiveVersion = 1;
	classes = {
	};
	objectVersion = 55;
	objects = {

/* Begin PBXBuildFile section */
		E0361C3227981DA90019DBDD /* AppDelegate.swift in Sources */ = {isa = PBXBuildFile; fileRef = E0361C3127981DA90019DBDD /* AppDelegate.swift */; };
		E0361C3427981DA90019DBDD /* SceneDelegate.swift in Sources */ = {isa = PBXBuildFile; fileRef = E0361C3327981DA90019DBDD /* SceneDelegate.swift */; };
		E0361C3627981DA90019DBDD /* ViewController.swift in Sources */ = {isa = PBXBuildFile; fileRef = E0361C3527981DA90019DBDD /* ViewController.swift */; };
		E0361C3927981DA90019DBDD /* Main.storyboard in Resources */ = {isa = PBXBuildFile; fileRef = E0361C3727981DA90019DBDD /* Main.storyboard */; };
		E0361C3B27981DAA0019DBDD /* Assets.xcassets in Resources */ = {isa = PBXBuildFile; fileRef = E0361C3A27981DAA0019DBDD /* Assets.xcassets */; };
		E0361C3E27981DAA0019DBDD /* LaunchScreen.storyboard in Resources */ = {isa = PBXBuildFile; fileRef = E0361C3C27981DAA0019DBDD /* LaunchScreen.storyboard */; };
		E0361C4927981DAA0019DBDD /* Pre_workTests.swift in Sources */ = {isa = PBXBuildFile; fileRef = E0361C4827981DAA0019DBDD /* Pre_workTests.swift */; };
		E0361C5327981DAA0019DBDD /* Pre_workUITests.swift in Sources */ = {isa = PBXBuildFile; fileRef = E0361C5227981DAA0019DBDD /* Pre_workUITests.swift */; };
		E0361C5527981DAA0019DBDD /* Pre_workUITestsLaunchTests.swift in Sources */ = {isa = PBXBuildFile; fileRef = E0361C5427981DAA0019DBDD /* Pre_workUITestsLaunchTests.swift */; };
/* End PBXBuildFile section */

/* Begin PBXContainerItemProxy section */
		E0361C4527981DAA0019DBDD /* PBXContainerItemProxy */ = {
			isa = PBXContainerItemProxy;
			containerPortal = E0361C2627981DA90019DBDD /* Project object */;
			proxyType = 1;
			remoteGlobalIDString = E0361C2D27981DA90019DBDD;
			remoteInfo = "Pre-work";
		};
		E0361C4F27981DAA0019DBDD /* PBXContainerItemProxy */ = {
			isa = PBXContainerItemProxy;
			containerPortal = E0361C2627981DA90019DBDD /* Project object */;
			proxyType = 1;
			remoteGlobalIDString = E0361C2D27981DA90019DBDD;
			remoteInfo = "Pre-work";
		};
/* End PBXContainerItemProxy section */

/* Begin PBXFileReference section */
		E0361C2E27981DA90019DBDD /* Pre-work.app */ = {isa = PBXFileReference; explicitFileType = wrapper.application; includeInIndex = 0; path = "Pre-work.app"; sourceTree = BUILT_PRODUCTS_DIR; };
		E0361C3127981DA90019DBDD /* AppDelegate.swift */ = {isa = PBXFileReference; lastKnownFileType = sourcecode.swift; path = AppDelegate.swift; sourceTree = "<group>"; };
		E0361C3327981DA90019DBDD /* SceneDelegate.swift */ = {isa = PBXFileReference; lastKnownFileType = sourcecode.swift; path = SceneDelegate.swift; sourceTree = "<group>"; };
		E0361C3527981DA90019DBDD /* ViewController.swift */ = {isa = PBXFileReference; lastKnownFileType = sourcecode.swift; path = ViewController.swift; sourceTree = "<group>"; };
		E0361C3827981DA90019DBDD /* Base */ = {isa = PBXFileReference; lastKnownFileType = file.storyboard; name = Base; path = Base.lproj/Main.storyboard; sourceTree = "<group>"; };
		E0361C3A27981DAA0019DBDD /* Assets.xcassets */ = {isa = PBXFileReference; lastKnownFileType = folder.assetcatalog; path = Assets.xcassets; sourceTree = "<group>"; };
		E0361C3D27981DAA0019DBDD /* Base */ = {isa = PBXFileReference; lastKnownFileType = file.storyboard; name = Base; path = Base.lproj/LaunchScreen.storyboard; sourceTree = "<group>"; };
		E0361C3F27981DAA0019DBDD /* Info.plist */ = {isa = PBXFileReference; lastKnownFileType = text.plist.xml; path = Info.plist; sourceTree = "<group>"; };
		E0361C4427981DAA0019DBDD /* Pre-workTests.xctest */ = {isa = PBXFileReference; explicitFileType = wrapper.cfbundle; includeInIndex = 0; path = "Pre-workTests.xctest"; sourceTree = BUILT_PRODUCTS_DIR; };
		E0361C4827981DAA0019DBDD /* Pre_workTests.swift */ = {isa = PBXFileReference; lastKnownFileType = sourcecode.swift; path = Pre_workTests.swift; sourceTree = "<group>"; };
		E0361C4E27981DAA0019DBDD /* Pre-workUITests.xctest */ = {isa = PBXFileReference; explicitFileType = wrapper.cfbundle; includeInIndex = 0; path = "Pre-workUITests.xctest"; sourceTree = BUILT_PRODUCTS_DIR; };
		E0361C5227981DAA0019DBDD /* Pre_workUITests.swift */ = {isa = PBXFileReference; lastKnownFileType = sourcecode.swift; path = Pre_workUITests.swift; sourceTree = "<group>"; };
		E0361C5427981DAA0019DBDD /* Pre_workUITestsLaunchTests.swift */ = {isa = PBXFileReference; lastKnownFileType = sourcecode.swift; path = Pre_workUITestsLaunchTests.swift; sourceTree = "<group>"; };
/* End PBXFileReference section */

/* Begin PBXFrameworksBuildPhase section */
		E0361C2B27981DA90019DBDD /* Frameworks */ = {
			isa = PBXFrameworksBuildPhase;
			buildActionMask = 2147483647;
			files = (
			);
			runOnlyForDeploymentPostprocessing = 0;
		};
		E0361C4127981DAA0019DBDD /* Frameworks */ = {
			isa = PBXFrameworksBuildPhase;
			buildActionMask = 2147483647;
			files = (
			);
			runOnlyForDeploymentPostprocessing = 0;
		};
		E0361C4B27981DAA0019DBDD /* Frameworks */ = {
			isa = PBXFrameworksBuildPhase;
			buildActionMask = 2147483647;
			files = (
			);
			runOnlyForDeploymentPostprocessing = 0;
		};
/* End PBXFrameworksBuildPhase section */

/* Begin PBXGroup section */
		E0361C2527981DA90019DBDD = {
			isa = PBXGroup;
			children = (
				E0361C3027981DA90019DBDD /* Pre-work */,
				E0361C4727981DAA0019DBDD /* Pre-workTests */,
				E0361C5127981DAA0019DBDD /* Pre-workUITests */,
				E0361C2F27981DA90019DBDD /* Products */,
			);
			sourceTree = "<group>";
		};
		E0361C2F27981DA90019DBDD /* Products */ = {
			isa = PBXGroup;
			children = (
				E0361C2E27981DA90019DBDD /* Pre-work.app */,
				E0361C4427981DAA0019DBDD /* Pre-workTests.xctest */,
				E0361C4E27981DAA0019DBDD /* Pre-workUITests.xctest */,
			);
			name = Products;
			sourceTree = "<group>";
		};
		E0361C3027981DA90019DBDD /* Pre-work */ = {
			isa = PBXGroup;
			children = (
				E0361C3127981DA90019DBDD /* AppDelegate.swift */,
				E0361C3327981DA90019DBDD /* SceneDelegate.swift */,
				E0361C3527981DA90019DBDD /* ViewController.swift */,
				E0361C3727981DA90019DBDD /* Main.storyboard */,
				E0361C3A27981DAA0019DBDD /* Assets.xcassets */,
				E0361C3C27981DAA0019DBDD /* LaunchScreen.storyboard */,
				E0361C3F27981DAA0019DBDD /* Info.plist */,
			);
			path = "Pre-work";
			sourceTree = "<group>";
		};
		E0361C4727981DAA0019DBDD /* Pre-workTests */ = {
			isa = PBXGroup;
			children = (
				E0361C4827981DAA0019DBDD /* Pre_workTests.swift */,
			);
			path = "Pre-workTests";
			sourceTree = "<group>";
		};
		E0361C5127981DAA0019DBDD /* Pre-workUITests */ = {
			isa = PBXGroup;
			children = (
				E0361C5227981DAA0019DBDD /* Pre_workUITests.swift */,
				E0361C5427981DAA0019DBDD /* Pre_workUITestsLaunchTests.swift */,
			);
			path = "Pre-workUITests";
			sourceTree = "<group>";
		};
/* End PBXGroup section */

/* Begin PBXNativeTarget section */
		E0361C2D27981DA90019DBDD /* Pre-work */ = {
			isa = PBXNativeTarget;
			buildConfigurationList = E0361C5827981DAA0019DBDD /* Build configuration list for PBXNativeTarget "Pre-work" */;
			buildPhases = (
				E0361C2A27981DA90019DBDD /* Sources */,
				E0361C2B27981DA90019DBDD /* Frameworks */,
				E0361C2C27981DA90019DBDD /* Resources */,
			);
			buildRules = (
			);
			dependencies = (
			);
			name = "Pre-work";
			productName = "Pre-work";
			productReference = E0361C2E27981DA90019DBDD /* Pre-work.app */;
			productType = "com.apple.product-type.application";
		};
		E0361C4327981DAA0019DBDD /* Pre-workTests */ = {
			isa = PBXNativeTarget;
			buildConfigurationList = E0361C5B27981DAA0019DBDD /* Build configuration list for PBXNativeTarget "Pre-workTests" */;
			buildPhases = (
				E0361C4027981DAA0019DBDD /* Sources */,
				E0361C4127981DAA0019DBDD /* Frameworks */,
				E0361C4227981DAA0019DBDD /* Resources */,
			);
			buildRules = (
			);
			dependencies = (
				E0361C4627981DAA0019DBDD /* PBXTargetDependency */,
			);
			name = "Pre-workTests";
			productName = "Pre-workTests";
			productReference = E0361C4427981DAA0019DBDD /* Pre-workTests.xctest */;
			productType = "com.apple.product-type.bundle.unit-test";
		};
		E0361C4D27981DAA0019DBDD /* Pre-workUITests */ = {
			isa = PBXNativeTarget;
			buildConfigurationList = E0361C5E27981DAA0019DBDD /* Build configuration list for PBXNativeTarget "Pre-workUITests" */;
			buildPhases = (
				E0361C4A27981DAA0019DBDD /* Sources */,
				E0361C4B27981DAA0019DBDD /* Frameworks */,
				E0361C4C27981DAA0019DBDD /* Resources */,
			);
			buildRules = (
			);
			dependencies = (
				E0361C5027981DAA0019DBDD /* PBXTargetDependency */,
			);
			name = "Pre-workUITests";
			productName = "Pre-workUITests";
			productReference = E0361C4E27981DAA0019DBDD /* Pre-workUITests.xctest */;
			productType = "com.apple.product-type.bundle.ui-testing";
		};
/* End PBXNativeTarget section */

/* Begin PBXProject section */
		E0361C2627981DA90019DBDD /* Project object */ = {
			isa = PBXProject;
			attributes = {
				BuildIndependentTargetsInParallel = 1;
				LastSwiftUpdateCheck = 1320;
				LastUpgradeCheck = 1320;
				TargetAttributes = {
					E0361C2D27981DA90019DBDD = {
						CreatedOnToolsVersion = 13.2.1;
					};
					E0361C4327981DAA0019DBDD = {
						CreatedOnToolsVersion = 13.2.1;
						TestTargetID = E0361C2D27981DA90019DBDD;
					};
					E0361C4D27981DAA0019DBDD = {
						CreatedOnToolsVersion = 13.2.1;
						TestTargetID = E0361C2D27981DA90019DBDD;
					};
				};
			};
			buildConfigurationList = E0361C2927981DA90019DBDD /* Build configuration list for PBXProject "Pre-work" */;
			compatibilityVersion = "Xcode 13.0";
			developmentRegion = en;
			hasScannedForEncodings = 0;
			knownRegions = (
				en,
				Base,
			);
			mainGroup = E0361C2527981DA90019DBDD;
			productRefGroup = E0361C2F27981DA90019DBDD /* Products */;
			projectDirPath = "";
			projectRoot = "";
			targets = (
				E0361C2D27981DA90019DBDD /* Pre-work */,
				E0361C4327981DAA0019DBDD /* Pre-workTests */,
				E0361C4D27981DAA0019DBDD /* Pre-workUITests */,
			);
		};
/* End PBXProject section */

/* Begin PBXResourcesBuildPhase section */
		E0361C2C27981DA90019DBDD /* Resources */ = {
			isa = PBXResourcesBuildPhase;
			buildActionMask = 2147483647;
			files = (
				E0361C3E27981DAA0019DBDD /* LaunchScreen.storyboard in Resources */,
				E0361C3B27981DAA0019DBDD /* Assets.xcassets in Resources */,
				E0361C3927981DA90019DBDD /* Main.storyboard in Resources */,
			);
			runOnlyForDeploymentPostprocessing = 0;
		};
		E0361C4227981DAA0019DBDD /* Resources */ = {
			isa = PBXResourcesBuildPhase;
			buildActionMask = 2147483647;
			files = (
			);
			runOnlyForDeploymentPostprocessing = 0;
		};
		E0361C4C27981DAA0019DBDD /* Resources */ = {
			isa = PBXResourcesBuildPhase;
			buildActionMask = 2147483647;
			files = (
			);
			runOnlyForDeploymentPostprocessing = 0;
		};
/* End PBXResourcesBuildPhase section */

/* Begin PBXSourcesBuildPhase section */
		E0361C2A27981DA90019DBDD /* Sources */ = {
			isa = PBXSourcesBuildPhase;
			buildActionMask = 2147483647;
			files = (
				E0361C3627981DA90019DBDD /* ViewController.swift in Sources */,
				E0361C3227981DA90019DBDD /* AppDelegate.swift in Sources */,
				E0361C3427981DA90019DBDD /* SceneDelegate.swift in Sources */,
			);
			runOnlyForDeploymentPostprocessing = 0;
		};
		E0361C4027981DAA0019DBDD /* Sources */ = {
			isa = PBXSourcesBuildPhase;
			buildActionMask = 2147483647;
			files = (
				E0361C4927981DAA0019DBDD /* Pre_workTests.swift in Sources */,
			);
			runOnlyForDeploymentPostprocessing = 0;
		};
		E0361C4A27981DAA0019DBDD /* Sources */ = {
			isa = PBXSourcesBuildPhase;
			buildActionMask = 2147483647;
			files = (
				E0361C5527981DAA0019DBDD /* Pre_workUITestsLaunchTests.swift in Sources */,
				E0361C5327981DAA0019DBDD /* Pre_workUITests.swift in Sources */,
			);
			runOnlyForDeploymentPostprocessing = 0;
		};
/* End PBXSourcesBuildPhase section */

/* Begin PBXTargetDependency section */
		E0361C4627981DAA0019DBDD /* PBXTargetDependency */ = {
			isa = PBXTargetDependency;
			target = E0361C2D27981DA90019DBDD /* Pre-work */;
			targetProxy = E0361C4527981DAA0019DBDD /* PBXContainerItemProxy */;
		};
		E0361C5027981DAA0019DBDD /* PBXTargetDependency */ = {
			isa = PBXTargetDependency;
			target = E0361C2D27981DA90019DBDD /* Pre-work */;
			targetProxy = E0361C4F27981DAA0019DBDD /* PBXContainerItemProxy */;
		};
/* End PBXTargetDependency section */

/* Begin PBXVariantGroup section */
		E0361C3727981DA90019DBDD /* Main.storyboard */ = {
			isa = PBXVariantGroup;
			children = (
				E0361C3827981DA90019DBDD /* Base */,
			);
			name = Main.storyboard;
			sourceTree = "<group>";
		};
		E0361C3C27981DAA0019DBDD /* LaunchScreen.storyboard */ = {
			isa = PBXVariantGroup;
			children = (
				E0361C3D27981DAA0019DBDD /* Base */,
			);
			name = LaunchScreen.storyboard;
			sourceTree = "<group>";
		};
/* End PBXVariantGroup section */

/* Begin XCBuildConfiguration section */
		E0361C5627981DAA0019DBDD /* Debug */ = {
			isa = XCBuildConfiguration;
			buildSettings = {
				ALWAYS_SEARCH_USER_PATHS = NO;
				CLANG_ANALYZER_NONNULL = YES;
				CLANG_ANALYZER_NUMBER_OBJECT_CONVERSION = YES_AGGRESSIVE;
				CLANG_CXX_LANGUAGE_STANDARD = "gnu++17";
				CLANG_CXX_LIBRARY = "libc++";
				CLANG_ENABLE_MODULES = YES;
				CLANG_ENABLE_OBJC_ARC = YES;
				CLANG_ENABLE_OBJC_WEAK = YES;
				CLANG_WARN_BLOCK_CAPTURE_AUTORELEASING = YES;
				CLANG_WARN_BOOL_CONVERSION = YES;
				CLANG_WARN_COMMA = YES;
				CLANG_WARN_CONSTANT_CONVERSION = YES;
				CLANG_WARN_DEPRECATED_OBJC_IMPLEMENTATIONS = YES;
				CLANG_WARN_DIRECT_OBJC_ISA_USAGE = YES_ERROR;
				CLANG_WARN_DOCUMENTATION_COMMENTS = YES;
				CLANG_WARN_EMPTY_BODY = YES;
				CLANG_WARN_ENUM_CONVERSION = YES;
				CLANG_WARN_INFINITE_RECURSION = YES;
				CLANG_WARN_INT_CONVERSION = YES;
				CLANG_WARN_NON_LITERAL_NULL_CONVERSION = YES;
				CLANG_WARN_OBJC_IMPLICIT_RETAIN_SELF = YES;
				CLANG_WARN_OBJC_LITERAL_CONVERSION = YES;
				CLANG_WARN_OBJC_ROOT_CLASS = YES_ERROR;
				CLANG_WARN_QUOTED_INCLUDE_IN_FRAMEWORK_HEADER = YES;
				CLANG_WARN_RANGE_LOOP_ANALYSIS = YES;
				CLANG_WARN_STRICT_PROTOTYPES = YES;
				CLANG_WARN_SUSPICIOUS_MOVE = YES;
				CLANG_WARN_UNGUARDED_AVAILABILITY = YES_AGGRESSIVE;
				CLANG_WARN_UNREACHABLE_CODE = YES;
				CLANG_WARN__DUPLICATE_METHOD_MATCH = YES;
				COPY_PHASE_STRIP = NO;
				DEBUG_INFORMATION_FORMAT = dwarf;
				ENABLE_STRICT_OBJC_MSGSEND = YES;
				ENABLE_TESTABILITY = YES;
				GCC_C_LANGUAGE_STANDARD = gnu11;
				GCC_DYNAMIC_NO_PIC = NO;
				GCC_NO_COMMON_BLOCKS = YES;
				GCC_OPTIMIZATION_LEVEL = 0;
				GCC_PREPROCESSOR_DEFINITIONS = (
					"DEBUG=1",
					"$(inherited)",
				);
				GCC_WARN_64_TO_32_BIT_CONVERSION = YES;
				GCC_WARN_ABOUT_RETURN_TYPE = YES_ERROR;
				GCC_WARN_UNDECLARED_SELECTOR = YES;
				GCC_WARN_UNINITIALIZED_AUTOS = YES_AGGRESSIVE;
				GCC_WARN_UNUSED_FUNCTION = YES;
				GCC_WARN_UNUSED_VARIABLE = YES;
				IPHONEOS_DEPLOYMENT_TARGET = 15.2;
				MTL_ENABLE_DEBUG_INFO = INCLUDE_SOURCE;
				MTL_FAST_MATH = YES;
				ONLY_ACTIVE_ARCH = YES;
				SDKROOT = iphoneos;
				SWIFT_ACTIVE_COMPILATION_CONDITIONS = DEBUG;
				SWIFT_OPTIMIZATION_LEVEL = "-Onone";
			};
			name = Debug;
		};
		E0361C5727981DAA0019DBDD /* Release */ = {
			isa = XCBuildConfiguration;
			buildSettings = {
				ALWAYS_SEARCH_USER_PATHS = NO;
				CLANG_ANALYZER_NONNULL = YES;
				CLANG_ANALYZER_NUMBER_OBJECT_CONVERSION = YES_AGGRESSIVE;
				CLANG_CXX_LANGUAGE_STANDARD = "gnu++17";
				CLANG_CXX_LIBRARY = "libc++";
				CLANG_ENABLE_MODULES = YES;
				CLANG_ENABLE_OBJC_ARC = YES;
				CLANG_ENABLE_OBJC_WEAK = YES;
				CLANG_WARN_BLOCK_CAPTURE_AUTORELEASING = YES;
				CLANG_WARN_BOOL_CONVERSION = YES;
				CLANG_WARN_COMMA = YES;
				CLANG_WARN_CONSTANT_CONVERSION = YES;
				CLANG_WARN_DEPRECATED_OBJC_IMPLEMENTATIONS = YES;
				CLANG_WARN_DIRECT_OBJC_ISA_USAGE = YES_ERROR;
				CLANG_WARN_DOCUMENTATION_COMMENTS = YES;
				CLANG_WARN_EMPTY_BODY = YES;
				CLANG_WARN_ENUM_CONVERSION = YES;
				CLANG_WARN_INFINITE_RECURSION = YES;
				CLANG_WARN_INT_CONVERSION = YES;
				CLANG_WARN_NON_LITERAL_NULL_CONVERSION = YES;
				CLANG_WARN_OBJC_IMPLICIT_RETAIN_SELF = YES;
				CLANG_WARN_OBJC_LITERAL_CONVERSION = YES;
				CLANG_WARN_OBJC_ROOT_CLASS = YES_ERROR;
				CLANG_WARN_QUOTED_INCLUDE_IN_FRAMEWORK_HEADER = YES;
				CLANG_WARN_RANGE_LOOP_ANALYSIS = YES;
				CLANG_WARN_STRICT_PROTOTYPES = YES;
				CLANG_WARN_SUSPICIOUS_MOVE = YES;
				CLANG_WARN_UNGUARDED_AVAILABILITY = YES_AGGRESSIVE;
				CLANG_WARN_UNREACHABLE_CODE = YES;
				CLANG_WARN__DUPLICATE_METHOD_MATCH = YES;
				COPY_PHASE_STRIP = NO;
				DEBUG_INFORMATION_FORMAT = "dwarf-with-dsym";
				ENABLE_NS_ASSERTIONS = NO;
				ENABLE_STRICT_OBJC_MSGSEND = YES;
				GCC_C_LANGUAGE_STANDARD = gnu11;
				GCC_NO_COMMON_BLOCKS = YES;
				GCC_WARN_64_TO_32_BIT_CONVERSION = YES;
				GCC_WARN_ABOUT_RETURN_TYPE = YES_ERROR;
				GCC_WARN_UNDECLARED_SELECTOR = YES;
				GCC_WARN_UNINITIALIZED_AUTOS = YES_AGGRESSIVE;
				GCC_WARN_UNUSED_FUNCTION = YES;
				GCC_WARN_UNUSED_VARIABLE = YES;
				IPHONEOS_DEPLOYMENT_TARGET = 15.2;
				MTL_ENABLE_DEBUG_INFO = NO;
				MTL_FAST_MATH = YES;
				SDKROOT = iphoneos;
				SWIFT_COMPILATION_MODE = wholemodule;
				SWIFT_OPTIMIZATION_LEVEL = "-O";
				VALIDATE_PRODUCT = YES;
			};
			name = Release;
		};
		E0361C5927981DAA0019DBDD /* Debug */ = {
			isa = XCBuildConfiguration;
			buildSettings = {
				ASSETCATALOG_COMPILER_APPICON_NAME = AppIcon;
				ASSETCATALOG_COMPILER_GLOBAL_ACCENT_COLOR_NAME = AccentColor;
				CODE_SIGN_STYLE = Automatic;
				CURRENT_PROJECT_VERSION = 1;
				DEVELOPMENT_TEAM = 97RRN2Z8Y7;
				GENERATE_INFOPLIST_FILE = YES;
				INFOPLIST_FILE = "Pre-work/Info.plist";
				INFOPLIST_KEY_UIApplicationSupportsIndirectInputEvents = YES;
				INFOPLIST_KEY_UILaunchStoryboardName = LaunchScreen;
				INFOPLIST_KEY_UIMainStoryboardFile = Main;
				INFOPLIST_KEY_UISupportedInterfaceOrientations_iPad = "UIInterfaceOrientationPortrait UIInterfaceOrientationPortraitUpsideDown UIInterfaceOrientationLandscapeLeft UIInterfaceOrientationLandscapeRight";
				INFOPLIST_KEY_UISupportedInterfaceOrientations_iPhone = "UIInterfaceOrientationPortrait UIInterfaceOrientationLandscapeLeft UIInterfaceOrientationLandscapeRight";
				LD_RUNPATH_SEARCH_PATHS = (
					"$(inherited)",
					"@executable_path/Frameworks",
				);
				MARKETING_VERSION = 1.0;
				PRODUCT_BUNDLE_IDENTIFIER = "memo.com.Pre-work";
				PRODUCT_NAME = "$(TARGET_NAME)";
				SWIFT_EMIT_LOC_STRINGS = YES;
				SWIFT_VERSION = 5.0;
				TARGETED_DEVICE_FAMILY = "1,2";
			};
			name = Debug;
		};
		E0361C5A27981DAA0019DBDD /* Release */ = {
			isa = XCBuildConfiguration;
			buildSettings = {
				ASSETCATALOG_COMPILER_APPICON_NAME = AppIcon;
				ASSETCATALOG_COMPILER_GLOBAL_ACCENT_COLOR_NAME = AccentColor;
				CODE_SIGN_STYLE = Automatic;
				CURRENT_PROJECT_VERSION = 1;
				DEVELOPMENT_TEAM = 97RRN2Z8Y7;
				GENERATE_INFOPLIST_FILE = YES;
				INFOPLIST_FILE = "Pre-work/Info.plist";
				INFOPLIST_KEY_UIApplicationSupportsIndirectInputEvents = YES;
				INFOPLIST_KEY_UILaunchStoryboardName = LaunchScreen;
				INFOPLIST_KEY_UIMainStoryboardFile = Main;
				INFOPLIST_KEY_UISupportedInterfaceOrientations_iPad = "UIInterfaceOrientationPortrait UIInterfaceOrientationPortraitUpsideDown UIInterfaceOrientationLandscapeLeft UIInterfaceOrientationLandscapeRight";
				INFOPLIST_KEY_UISupportedInterfaceOrientations_iPhone = "UIInterfaceOrientationPortrait UIInterfaceOrientationLandscapeLeft UIInterfaceOrientationLandscapeRight";
				LD_RUNPATH_SEARCH_PATHS = (
					"$(inherited)",
					"@executable_path/Frameworks",
				);
				MARKETING_VERSION = 1.0;
				PRODUCT_BUNDLE_IDENTIFIER = "memo.com.Pre-work";
				PRODUCT_NAME = "$(TARGET_NAME)";
				SWIFT_EMIT_LOC_STRINGS = YES;
				SWIFT_VERSION = 5.0;
				TARGETED_DEVICE_FAMILY = "1,2";
			};
			name = Release;
		};
		E0361C5C27981DAA0019DBDD /* Debug */ = {
			isa = XCBuildConfiguration;
			buildSettings = {
				ALWAYS_EMBED_SWIFT_STANDARD_LIBRARIES = YES;
				BUNDLE_LOADER = "$(TEST_HOST)";
				CODE_SIGN_STYLE = Automatic;
				CURRENT_PROJECT_VERSION = 1;
				DEVELOPMENT_TEAM = 97RRN2Z8Y7;
				GENERATE_INFOPLIST_FILE = YES;
				IPHONEOS_DEPLOYMENT_TARGET = 15.2;
				MARKETING_VERSION = 1.0;
				PRODUCT_BUNDLE_IDENTIFIER = "memo.com.Pre-workTests";
				PRODUCT_NAME = "$(TARGET_NAME)";
				SWIFT_EMIT_LOC_STRINGS = NO;
				SWIFT_VERSION = 5.0;
				TARGETED_DEVICE_FAMILY = "1,2";
				TEST_HOST = "$(BUILT_PRODUCTS_DIR)/Pre-work.app/Pre-work";
			};
			name = Debug;
		};
		E0361C5D27981DAA0019DBDD /* Release */ = {
			isa = XCBuildConfiguration;
			buildSettings = {
				ALWAYS_EMBED_SWIFT_STANDARD_LIBRARIES = YES;
				BUNDLE_LOADER = "$(TEST_HOST)";
				CODE_SIGN_STYLE = Automatic;
				CURRENT_PROJECT_VERSION = 1;
				DEVELOPMENT_TEAM = 97RRN2Z8Y7;
				GENERATE_INFOPLIST_FILE = YES;
				IPHONEOS_DEPLOYMENT_TARGET = 15.2;
				MARKETING_VERSION = 1.0;
				PRODUCT_BUNDLE_IDENTIFIER = "memo.com.Pre-workTests";
				PRODUCT_NAME = "$(TARGET_NAME)";
				SWIFT_EMIT_LOC_STRINGS = NO;
				SWIFT_VERSION = 5.0;
				TARGETED_DEVICE_FAMILY = "1,2";
				TEST_HOST = "$(BUILT_PRODUCTS_DIR)/Pre-work.app/Pre-work";
			};
			name = Release;
		};
		E0361C5F27981DAA0019DBDD /* Debug */ = {
			isa = XCBuildConfiguration;
			buildSettings = {
				ALWAYS_EMBED_SWIFT_STANDARD_LIBRARIES = YES;
				CODE_SIGN_STYLE = Automatic;
				CURRENT_PROJECT_VERSION = 1;
				DEVELOPMENT_TEAM = 97RRN2Z8Y7;
				GENERATE_INFOPLIST_FILE = YES;
				MARKETING_VERSION = 1.0;
				PRODUCT_BUNDLE_IDENTIFIER = "memo.com.Pre-workUITests";
				PRODUCT_NAME = "$(TARGET_NAME)";
				SWIFT_EMIT_LOC_STRINGS = NO;
				SWIFT_VERSION = 5.0;
				TARGETED_DEVICE_FAMILY = "1,2";
				TEST_TARGET_NAME = "Pre-work";
			};
			name = Debug;
		};
		E0361C6027981DAA0019DBDD /* Release */ = {
			isa = XCBuildConfiguration;
			buildSettings = {
				ALWAYS_EMBED_SWIFT_STANDARD_LIBRARIES = YES;
				CODE_SIGN_STYLE = Automatic;
				CURRENT_PROJECT_VERSION = 1;
				DEVELOPMENT_TEAM = 97RRN2Z8Y7;
				GENERATE_INFOPLIST_FILE = YES;
				MARKETING_VERSION = 1.0;
				PRODUCT_BUNDLE_IDENTIFIER = "memo.com.Pre-workUITests";
				PRODUCT_NAME = "$(TARGET_NAME)";
				SWIFT_EMIT_LOC_STRINGS = NO;
				SWIFT_VERSION = 5.0;
				TARGETED_DEVICE_FAMILY = "1,2";
				TEST_TARGET_NAME = "Pre-work";
			};
			name = Release;
		};
/* End XCBuildConfiguration section */

/* Begin XCConfigurationList section */
		E0361C2927981DA90019DBDD /* Build configuration list for PBXProject "Pre-work" */ = {
			isa = XCConfigurationList;
			buildConfigurations = (
				E0361C5627981DAA0019DBDD /* Debug */,
				E0361C5727981DAA0019DBDD /* Release */,
			);
			defaultConfigurationIsVisible = 0;
			defaultConfigurationName = Release;
		};
		E0361C5827981DAA0019DBDD /* Build configuration list for PBXNativeTarget "Pre-work" */ = {
			isa = XCConfigurationList;
			buildConfigurations = (
				E0361C5927981DAA0019DBDD /* Debug */,
				E0361C5A27981DAA0019DBDD /* Release */,
			);
			defaultConfigurationIsVisible = 0;
			defaultConfigurationName = Release;
		};
		E0361C5B27981DAA0019DBDD /* Build configuration list for PBXNativeTarget "Pre-workTests" */ = {
			isa = XCConfigurationList;
			buildConfigurations = (
				E0361C5C27981DAA0019DBDD /* Debug */,
				E0361C5D27981DAA0019DBDD /* Release */,
			);
			defaultConfigurationIsVisible = 0;
			defaultConfigurationName = Release;
		};
		E0361C5E27981DAA0019DBDD /* Build configuration list for PBXNativeTarget "Pre-workUITests" */ = {
			isa = XCConfigurationList;
			buildConfigurations = (
				E0361C5F27981DAA0019DBDD /* Debug */,
				E0361C6027981DAA0019DBDD /* Release */,
			);
			defaultConfigurationIsVisible = 0;
			defaultConfigurationName = Release;
		};
/* End XCConfigurationList section */
	};
	rootObject = E0361C2627981DA90019DBDD /* Project object */;
}
